
Microsoft Visual Studio Solution File, Format Version 12.00
# Visual Studio Version 17
VisualStudioVersion = 17.4.33122.133
MinimumVisualStudioVersion = 10.0.40219.1
Project("{FAE04EC0-301F-11D3-BF4B-00C04F79EFBC}") = "Fyson.NET", "Fyson.NET.csproj", "{64C94F02-6AEB-4014-9346-FD3AEE3E5C06}"
EndProject
Global
	GlobalSection(SolutionConfigurationPlatforms) = preSolution
		Debug|Any CPU = Debug|Any CPU
		Release|Any CPU = Release|Any CPU
	EndGlobalSection
	GlobalSection(ProjectConfigurationPlatforms) = postSolution
		{64C94F02-6AEB-4014-9346-FD3AEE3E5C06}.Debug|Any CPU.ActiveCfg = Debug|Any CPU
		{64C94F02-6AEB-4014-9346-FD3AEE3E5C06}.Debug|Any CPU.Build.0 = Debug|Any CPU
		{64C94F02-6AEB-4014-9346-FD3AEE3E5C06}.Release|Any CPU.ActiveCfg = Release|Any CPU
		{64C94F02-6AEB-4014-9346-FD3AEE3E5C06}.Release|Any CPU.Build.0 = Release|Any CPU
	EndGlobalSection
	GlobalSection(SolutionProperties) = preSolution
		HideSolutionNode = FALSE
	EndGlobalSection
	GlobalSection(ExtensibilityGlobals) = postSolution
		SolutionGuid = {A23ACEC4-C9C0-4797-840F-9D40FB5B705C}
	EndGlobalSection
EndGlobal
